
Microsoft Visual Studio Solution File, Format Version 12.00
# Visual Studio Version 16
VisualStudioVersion = 16.0.29209.62
MinimumVisualStudioVersion = 10.0.40219.1
Project("{FAE04EC0-301F-11D3-BF4B-00C04F79EFBC}") = "Functions", "Functions\Functions.csproj", "{CF4EDB55-9931-498A-98F0-2857F7B10D41}"
EndProject
Global
	GlobalSection(SolutionConfigurationPlatforms) = preSolution
		Debug|Any CPU = Debug|Any CPU
		Release|Any CPU = Release|Any CPU
	EndGlobalSection
	GlobalSection(ProjectConfigurationPlatforms) = postSolution
		{CF4EDB55-9931-498A-98F0-2857F7B10D41}.Debug|Any CPU.ActiveCfg = Debug|Any CPU
		{CF4EDB55-9931-498A-98F0-2857F7B10D41}.Debug|Any CPU.Build.0 = Debug|Any CPU
		{CF4EDB55-9931-498A-98F0-2857F7B10D41}.Release|Any CPU.ActiveCfg = Release|Any CPU
		{CF4EDB55-9931-498A-98F0-2857F7B10D41}.Release|Any CPU.Build.0 = Release|Any CPU
	EndGlobalSection
	GlobalSection(SolutionProperties) = preSolution
		HideSolutionNode = FALSE
	EndGlobalSection
	GlobalSection(ExtensibilityGlobals) = postSolution
		SolutionGuid = {FD955331-04B1-41B3-831C-A5ADA151F5F5}
	EndGlobalSection
EndGlobal
